{
  "name": "@linyixian/node-red-contrib-aitrios-meta-desirialize",
  "version": "0.0.2",
  "lockfileVersion": 3,
  "requires": true,
  "packages": {
    "": {
      "name": "@linyixian/node-red-contrib-aitrios-meta-desirialize",
      "version": "0.0.2",
      "license": "Apache-2.0",
      "dependencies": {
        "flatbuffers": "^2.0.0"
      },
      "engines": {
        "node": ">=14.0.0"
      }
    },
    "node_modules/flatbuffers": {
      "version": "2.0.7",
      "resolved": "https://registry.npmjs.org/flatbuffers/-/flatbuffers-2.0.7.tgz",
      "integrity": "sha512-5JulPk3a7zTdb2p2ElkAT8hmw4udmSL8GoRKkDa/y9+qFwKbFrRgAbF4VgSt2oIGTEpBqz9CmsvwCstwJ5D9kg==",
      "license": "SEE LICENSE IN LICENSE.txt"
    }
  }
}
